
Microsoft Visual Studio Solution File, Format Version 12.00
# Visual Studio Version 17
VisualStudioVersion = 17.1.32319.34
MinimumVisualStudioVersion = 10.0.40219.1
Project("{8BC9CEB8-8B4A-11D0-8D11-00A0C91BC942}") = "HelloWorld", "HelloWorld\HelloWorld.vcxproj", "{BE66E1A5-49B4-4393-8647-D13EBCBFCA02}"
EndProject
Project("{8BC9CEB8-8B4A-11D0-8D11-00A0C91BC942}") = "DataTypes", "DataTypes\DataTypes.vcxproj", "{C5067672-EC70-4DB0-88C3-AD7BD5C39EF1}"
EndProject
Project("{8BC9CEB8-8B4A-11D0-8D11-00A0C91BC942}") = "UserDataTypes", "UserDataTypes\UserDataTypes.vcxproj", "{0D023CDA-3897-4D9D-BD62-C4B056C1B4EE}"
EndProject
Project("{8BC9CEB8-8B4A-11D0-8D11-00A0C91BC942}") = "UDT", "UDT\UDT.vcxproj", "{1C657814-0C46-4FF5-9092-AF321267F498}"
EndProject
Project("{8BC9CEB8-8B4A-11D0-8D11-00A0C91BC942}") = "Container", "Container\Container.vcxproj", "{7DBCD465-DDDA-411D-93B4-3843EF080317}"
EndProject
Global
	GlobalSection(SolutionConfigurationPlatforms) = preSolution
		Debug|x64 = Debug|x64
		Debug|x86 = Debug|x86
		Release|x64 = Release|x64
		Release|x86 = Release|x86
	EndGlobalSection
	GlobalSection(ProjectConfigurationPlatforms) = postSolution
		{BE66E1A5-49B4-4393-8647-D13EBCBFCA02}.Debug|x64.ActiveCfg = Debug|x64
		{BE66E1A5-49B4-4393-8647-D13EBCBFCA02}.Debug|x64.Build.0 = Debug|x64
		{BE66E1A5-49B4-4393-8647-D13EBCBFCA02}.Debug|x86.ActiveCfg = Debug|Win32
		{BE66E1A5-49B4-4393-8647-D13EBCBFCA02}.Debug|x86.Build.0 = Debug|Win32
		{BE66E1A5-49B4-4393-8647-D13EBCBFCA02}.Release|x64.ActiveCfg = Release|x64
		{BE66E1A5-49B4-4393-8647-D13EBCBFCA02}.Release|x64.Build.0 = Release|x64
		{BE66E1A5-49B4-4393-8647-D13EBCBFCA02}.Release|x86.ActiveCfg = Release|Win32
		{BE66E1A5-49B4-4393-8647-D13EBCBFCA02}.Release|x86.Build.0 = Release|Win32
		{C5067672-EC70-4DB0-88C3-AD7BD5C39EF1}.Debug|x64.ActiveCfg = Debug|x64
		{C5067672-EC70-4DB0-88C3-AD7BD5C39EF1}.Debug|x64.Build.0 = Debug|x64
		{C5067672-EC70-4DB0-88C3-AD7BD5C39EF1}.Debug|x86.ActiveCfg = Debug|Win32
		{C5067672-EC70-4DB0-88C3-AD7BD5C39EF1}.Debug|x86.Build.0 = Debug|Win32
		{C5067672-EC70-4DB0-88C3-AD7BD5C39EF1}.Release|x64.ActiveCfg = Release|x64
		{C5067672-EC70-4DB0-88C3-AD7BD5C39EF1}.Release|x64.Build.0 = Release|x64
		{C5067672-EC70-4DB0-88C3-AD7BD5C39EF1}.Release|x86.ActiveCfg = Release|Win32
		{C5067672-EC70-4DB0-88C3-AD7BD5C39EF1}.Release|x86.Build.0 = Release|Win32
		{0D023CDA-3897-4D9D-BD62-C4B056C1B4EE}.Debug|x64.ActiveCfg = Debug|x64
		{0D023CDA-3897-4D9D-BD62-C4B056C1B4EE}.Debug|x64.Build.0 = Debug|x64
		{0D023CDA-3897-4D9D-BD62-C4B056C1B4EE}.Debug|x86.ActiveCfg = Debug|Win32
		{0D023CDA-3897-4D9D-BD62-C4B056C1B4EE}.Debug|x86.Build.0 = Debug|Win32
		{0D023CDA-3897-4D9D-BD62-C4B056C1B4EE}.Release|x64.ActiveCfg = Release|x64
		{0D023CDA-3897-4D9D-BD62-C4B056C1B4EE}.Release|x64.Build.0 = Release|x64
		{0D023CDA-3897-4D9D-BD62-C4B056C1B4EE}.Release|x86.ActiveCfg = Release|Win32
		{0D023CDA-3897-4D9D-BD62-C4B056C1B4EE}.Release|x86.Build.0 = Release|Win32
		{1C657814-0C46-4FF5-9092-AF321267F498}.Debug|x64.ActiveCfg = Debug|x64
		{1C657814-0C46-4FF5-9092-AF321267F498}.Debug|x64.Build.0 = Debug|x64
		{1C657814-0C46-4FF5-9092-AF321267F498}.Debug|x86.ActiveCfg = Debug|Win32
		{1C657814-0C46-4FF5-9092-AF321267F498}.Debug|x86.Build.0 = Debug|Win32
		{1C657814-0C46-4FF5-9092-AF321267F498}.Release|x64.ActiveCfg = Release|x64
		{1C657814-0C46-4FF5-9092-AF321267F498}.Release|x64.Build.0 = Release|x64
		{1C657814-0C46-4FF5-9092-AF321267F498}.Release|x86.ActiveCfg = Release|Win32
		{1C657814-0C46-4FF5-9092-AF321267F498}.Release|x86.Build.0 = Release|Win32
		{7DBCD465-DDDA-411D-93B4-3843EF080317}.Debug|x64.ActiveCfg = Debug|x64
		{7DBCD465-DDDA-411D-93B4-3843EF080317}.Debug|x64.Build.0 = Debug|x64
		{7DBCD465-DDDA-411D-93B4-3843EF080317}.Debug|x86.ActiveCfg = Debug|Win32
		{7DBCD465-DDDA-411D-93B4-3843EF080317}.Debug|x86.Build.0 = Debug|Win32
		{7DBCD465-DDDA-411D-93B4-3843EF080317}.Release|x64.ActiveCfg = Release|x64
		{7DBCD465-DDDA-411D-93B4-3843EF080317}.Release|x64.Build.0 = Release|x64
		{7DBCD465-DDDA-411D-93B4-3843EF080317}.Release|x86.ActiveCfg = Release|Win32
		{7DBCD465-DDDA-411D-93B4-3843EF080317}.Release|x86.Build.0 = Release|Win32
	EndGlobalSection
	GlobalSection(SolutionProperties) = preSolution
		HideSolutionNode = FALSE
	EndGlobalSection
	GlobalSection(ExtensibilityGlobals) = postSolution
		SolutionGuid = {DE1EE556-F29C-4EDF-89A3-EA9964C2FF66}
	EndGlobalSection
EndGlobal
